// !$*UTF8*$!
{
	archiveVersion = 1;
	classes = {
	};
	objectVersion = 56;
	objects = {

/* Begin PBXBuildFile section */
		C74028582AF45D2B0009FDFB /* secondDetailViewController.swift in Sources */ = {isa = PBXBuildFile; fileRef = C74028572AF45D2B0009FDFB /* secondDetailViewController.swift */; };
		C740285A2AF45E5D0009FDFB /* Property List.plist in Resources */ = {isa = PBXBuildFile; fileRef = C74028592AF45E5D0009FDFB /* Property List.plist */; };
		C740285C2AFAF72D0009FDFB /* thirdDetailViewController.swift in Sources */ = {isa = PBXBuildFile; fileRef = C740285B2AFAF72D0009FDFB /* thirdDetailViewController.swift */; };
		C74028602AFAFC180009FDFB /* fourthDetailViewController.swift in Sources */ = {isa = PBXBuildFile; fileRef = C740285F2AFAFC180009FDFB /* fourthDetailViewController.swift */; };
		C7653CCA2AF1C01D007FF32D /* AppDelegate.swift in Sources */ = {isa = PBXBuildFile; fileRef = C7653CC92AF1C01D007FF32D /* AppDelegate.swift */; };
		C7653CCC2AF1C01D007FF32D /* SceneDelegate.swift in Sources */ = {isa = PBXBuildFile; fileRef = C7653CCB2AF1C01D007FF32D /* SceneDelegate.swift */; };
		C7653CCE2AF1C01D007FF32D /* ViewController.swift in Sources */ = {isa = PBXBuildFile; fileRef = C7653CCD2AF1C01D007FF32D /* ViewController.swift */; };
		C7653CD12AF1C01D007FF32D /* Main.storyboard in Resources */ = {isa = PBXBuildFile; fileRef = C7653CCF2AF1C01D007FF32D /* Main.storyboard */; };
		C7653CD32AF1C01F007FF32D /* Assets.xcassets in Resources */ = {isa = PBXBuildFile; fileRef = C7653CD22AF1C01F007FF32D /* Assets.xcassets */; };
		C7653CD62AF1C01F007FF32D /* LaunchScreen.storyboard in Resources */ = {isa = PBXBuildFile; fileRef = C7653CD42AF1C01F007FF32D /* LaunchScreen.storyboard */; };
		C7653CE12AF1C01F007FF32D /* CandyReviewAppTests.swift in Sources */ = {isa = PBXBuildFile; fileRef = C7653CE02AF1C01F007FF32D /* CandyReviewAppTests.swift */; };
		C7653CEB2AF1C01F007FF32D /* CandyReviewAppUITests.swift in Sources */ = {isa = PBXBuildFile; fileRef = C7653CEA2AF1C01F007FF32D /* CandyReviewAppUITests.swift */; };
		C7653CED2AF1C01F007FF32D /* CandyReviewAppUITestsLaunchTests.swift in Sources */ = {isa = PBXBuildFile; fileRef = C7653CEC2AF1C01F007FF32D /* CandyReviewAppUITestsLaunchTests.swift */; };
		C7653CFA2AF1D199007FF32D /* ViewController02.swift in Sources */ = {isa = PBXBuildFile; fileRef = C7653CF92AF1D199007FF32D /* ViewController02.swift */; };
		C7653CFC2AF1D1D4007FF32D /* ViewController03.swift in Sources */ = {isa = PBXBuildFile; fileRef = C7653CFB2AF1D1D4007FF32D /* ViewController03.swift */; };
		C7653CFE2AF1D1FE007FF32D /* ViewController04.swift in Sources */ = {isa = PBXBuildFile; fileRef = C7653CFD2AF1D1FD007FF32D /* ViewController04.swift */; };
		C7653D002AF1D222007FF32D /* ViewController05.swift in Sources */ = {isa = PBXBuildFile; fileRef = C7653CFF2AF1D222007FF32D /* ViewController05.swift */; };
		C7653D022AF1D4DF007FF32D /* ViewController_featured.swift in Sources */ = {isa = PBXBuildFile; fileRef = C7653D012AF1D4DF007FF32D /* ViewController_featured.swift */; };
/* End PBXBuildFile section */

/* Begin PBXContainerItemProxy section */
		C7653CDD2AF1C01F007FF32D /* PBXContainerItemProxy */ = {
			isa = PBXContainerItemProxy;
			containerPortal = C7653CBE2AF1C01D007FF32D /* Project object */;
			proxyType = 1;
			remoteGlobalIDString = C7653CC52AF1C01D007FF32D;
			remoteInfo = CandyReviewApp;
		};
		C7653CE72AF1C01F007FF32D /* PBXContainerItemProxy */ = {
			isa = PBXContainerItemProxy;
			containerPortal = C7653CBE2AF1C01D007FF32D /* Project object */;
			proxyType = 1;
			remoteGlobalIDString = C7653CC52AF1C01D007FF32D;
			remoteInfo = CandyReviewApp;
		};
/* End PBXContainerItemProxy section */

/* Begin PBXFileReference section */
		C74028572AF45D2B0009FDFB /* secondDetailViewController.swift */ = {isa = PBXFileReference; lastKnownFileType = sourcecode.swift; path = secondDetailViewController.swift; sourceTree = "<group>"; };
		C74028592AF45E5D0009FDFB /* Property List.plist */ = {isa = PBXFileReference; lastKnownFileType = text.plist.xml; path = "Property List.plist"; sourceTree = "<group>"; };
		C740285B2AFAF72D0009FDFB /* thirdDetailViewController.swift */ = {isa = PBXFileReference; lastKnownFileType = sourcecode.swift; path = thirdDetailViewController.swift; sourceTree = "<group>"; };
		C740285F2AFAFC180009FDFB /* fourthDetailViewController.swift */ = {isa = PBXFileReference; lastKnownFileType = sourcecode.swift; path = fourthDetailViewController.swift; sourceTree = "<group>"; };
		C7653CC62AF1C01D007FF32D /* CandyReviewApp.app */ = {isa = PBXFileReference; explicitFileType = wrapper.application; includeInIndex = 0; path = CandyReviewApp.app; sourceTree = BUILT_PRODUCTS_DIR; };
		C7653CC92AF1C01D007FF32D /* AppDelegate.swift */ = {isa = PBXFileReference; lastKnownFileType = sourcecode.swift; path = AppDelegate.swift; sourceTree = "<group>"; };
		C7653CCB2AF1C01D007FF32D /* SceneDelegate.swift */ = {isa = PBXFileReference; lastKnownFileType = sourcecode.swift; path = SceneDelegate.swift; sourceTree = "<group>"; };
		C7653CCD2AF1C01D007FF32D /* ViewController.swift */ = {isa = PBXFileReference; lastKnownFileType = sourcecode.swift; path = ViewController.swift; sourceTree = "<group>"; };
		C7653CD02AF1C01D007FF32D /* Base */ = {isa = PBXFileReference; lastKnownFileType = file.storyboard; name = Base; path = Base.lproj/Main.storyboard; sourceTree = "<group>"; };
		C7653CD22AF1C01F007FF32D /* Assets.xcassets */ = {isa = PBXFileReference; lastKnownFileType = folder.assetcatalog; path = Assets.xcassets; sourceTree = "<group>"; };
		C7653CD52AF1C01F007FF32D /* Base */ = {isa = PBXFileReference; lastKnownFileType = file.storyboard; name = Base; path = Base.lproj/LaunchScreen.storyboard; sourceTree = "<group>"; };
		C7653CD72AF1C01F007FF32D /* Info.plist */ = {isa = PBXFileReference; lastKnownFileType = text.plist.xml; path = Info.plist; sourceTree = "<group>"; };
		C7653CDC2AF1C01F007FF32D /* CandyReviewAppTests.xctest */ = {isa = PBXFileReference; explicitFileType = wrapper.cfbundle; includeInIndex = 0; path = CandyReviewAppTests.xctest; sourceTree = BUILT_PRODUCTS_DIR; };
		C7653CE02AF1C01F007FF32D /* CandyReviewAppTests.swift */ = {isa = PBXFileReference; lastKnownFileType = sourcecode.swift; path = CandyReviewAppTests.swift; sourceTree = "<group>"; };
		C7653CE62AF1C01F007FF32D /* CandyReviewAppUITests.xctest */ = {isa = PBXFileReference; explicitFileType = wrapper.cfbundle; includeInIndex = 0; path = CandyReviewAppUITests.xctest; sourceTree = BUILT_PRODUCTS_DIR; };
		C7653CEA2AF1C01F007FF32D /* CandyReviewAppUITests.swift */ = {isa = PBXFileReference; lastKnownFileType = sourcecode.swift; path = CandyReviewAppUITests.swift; sourceTree = "<group>"; };
		C7653CEC2AF1C01F007FF32D /* CandyReviewAppUITestsLaunchTests.swift */ = {isa = PBXFileReference; lastKnownFileType = sourcecode.swift; path = CandyReviewAppUITestsLaunchTests.swift; sourceTree = "<group>"; };
		C7653CF92AF1D199007FF32D /* ViewController02.swift */ = {isa = PBXFileReference; lastKnownFileType = sourcecode.swift; path = ViewController02.swift; sourceTree = "<group>"; };
		C7653CFB2AF1D1D4007FF32D /* ViewController03.swift */ = {isa = PBXFileReference; lastKnownFileType = sourcecode.swift; path = ViewController03.swift; sourceTree = "<group>"; };
		C7653CFD2AF1D1FD007FF32D /* ViewController04.swift */ = {isa = PBXFileReference; lastKnownFileType = sourcecode.swift; path = ViewController04.swift; sourceTree = "<group>"; };
		C7653CFF2AF1D222007FF32D /* ViewController05.swift */ = {isa = PBXFileReference; lastKnownFileType = sourcecode.swift; path = ViewController05.swift; sourceTree = "<group>"; };
		C7653D012AF1D4DF007FF32D /* ViewController_featured.swift */ = {isa = PBXFileReference; lastKnownFileType = sourcecode.swift; path = ViewController_featured.swift; sourceTree = "<group>"; };
/* End PBXFileReference section */

/* Begin PBXFrameworksBuildPhase section */
		C7653CC32AF1C01D007FF32D /* Frameworks */ = {
			isa = PBXFrameworksBuildPhase;
			buildActionMask = 2147483647;
			files = (
			);
			runOnlyForDeploymentPostprocessing = 0;
		};
		C7653CD92AF1C01F007FF32D /* Frameworks */ = {
			isa = PBXFrameworksBuildPhase;
			buildActionMask = 2147483647;
			files = (
			);
			runOnlyForDeploymentPostprocessing = 0;
		};
		C7653CE32AF1C01F007FF32D /* Frameworks */ = {
			isa = PBXFrameworksBuildPhase;
			buildActionMask = 2147483647;
			files = (
			);
			runOnlyForDeploymentPostprocessing = 0;
		};
/* End PBXFrameworksBuildPhase section */

/* Begin PBXGroup section */
		C7653CBD2AF1C01D007FF32D = {
			isa = PBXGroup;
			children = (
				C7653CC82AF1C01D007FF32D /* CandyReviewApp */,
				C7653CDF2AF1C01F007FF32D /* CandyReviewAppTests */,
				C7653CE92AF1C01F007FF32D /* CandyReviewAppUITests */,
				C7653CC72AF1C01D007FF32D /* Products */,
			);
			sourceTree = "<group>";
		};
		C7653CC72AF1C01D007FF32D /* Products */ = {
			isa = PBXGroup;
			children = (
				C7653CC62AF1C01D007FF32D /* CandyReviewApp.app */,
				C7653CDC2AF1C01F007FF32D /* CandyReviewAppTests.xctest */,
				C7653CE62AF1C01F007FF32D /* CandyReviewAppUITests.xctest */,
			);
			name = Products;
			sourceTree = "<group>";
		};
		C7653CC82AF1C01D007FF32D /* CandyReviewApp */ = {
			isa = PBXGroup;
			children = (
				C7653CC92AF1C01D007FF32D /* AppDelegate.swift */,
				C7653CCB2AF1C01D007FF32D /* SceneDelegate.swift */,
				C7653CCD2AF1C01D007FF32D /* ViewController.swift */,
				C7653CF92AF1D199007FF32D /* ViewController02.swift */,
				C7653CCF2AF1C01D007FF32D /* Main.storyboard */,
				C740285F2AFAFC180009FDFB /* fourthDetailViewController.swift */,
				C740285B2AFAF72D0009FDFB /* thirdDetailViewController.swift */,
				C74028592AF45E5D0009FDFB /* Property List.plist */,
				C74028572AF45D2B0009FDFB /* secondDetailViewController.swift */,
				C7653CFF2AF1D222007FF32D /* ViewController05.swift */,
				C7653CFD2AF1D1FD007FF32D /* ViewController04.swift */,
				C7653CFB2AF1D1D4007FF32D /* ViewController03.swift */,
				C7653D012AF1D4DF007FF32D /* ViewController_featured.swift */,
				C7653CD22AF1C01F007FF32D /* Assets.xcassets */,
				C7653CD42AF1C01F007FF32D /* LaunchScreen.storyboard */,
				C7653CD72AF1C01F007FF32D /* Info.plist */,
			);
			path = CandyReviewApp;
			sourceTree = "<group>";
		};
		C7653CDF2AF1C01F007FF32D /* CandyReviewAppTests */ = {
			isa = PBXGroup;
			children = (
				C7653CE02AF1C01F007FF32D /* CandyReviewAppTests.swift */,
			);
			path = CandyReviewAppTests;
			sourceTree = "<group>";
		};
		C7653CE92AF1C01F007FF32D /* CandyReviewAppUITests */ = {
			isa = PBXGroup;
			children = (
				C7653CEA2AF1C01F007FF32D /* CandyReviewAppUITests.swift */,
				C7653CEC2AF1C01F007FF32D /* CandyReviewAppUITestsLaunchTests.swift */,
			);
			path = CandyReviewAppUITests;
			sourceTree = "<group>";
		};
/* End PBXGroup section */

/* Begin PBXNativeTarget section */
		C7653CC52AF1C01D007FF32D /* CandyReviewApp */ = {
			isa = PBXNativeTarget;
			buildConfigurationList = C7653CF02AF1C01F007FF32D /* Build configuration list for PBXNativeTarget "CandyReviewApp" */;
			buildPhases = (
				C7653CC22AF1C01D007FF32D /* Sources */,
				C7653CC32AF1C01D007FF32D /* Frameworks */,
				C7653CC42AF1C01D007FF32D /* Resources */,
			);
			buildRules = (
			);
			dependencies = (
			);
			name = CandyReviewApp;
			productName = CandyReviewApp;
			productReference = C7653CC62AF1C01D007FF32D /* CandyReviewApp.app */;
			productType = "com.apple.product-type.application";
		};
		C7653CDB2AF1C01F007FF32D /* CandyReviewAppTests */ = {
			isa = PBXNativeTarget;
			buildConfigurationList = C7653CF32AF1C01F007FF32D /* Build configuration list for PBXNativeTarget "CandyReviewAppTests" */;
			buildPhases = (
				C7653CD82AF1C01F007FF32D /* Sources */,
				C7653CD92AF1C01F007FF32D /* Frameworks */,
				C7653CDA2AF1C01F007FF32D /* Resources */,
			);
			buildRules = (
			);
			dependencies = (
				C7653CDE2AF1C01F007FF32D /* PBXTargetDependency */,
			);
			name = CandyReviewAppTests;
			productName = CandyReviewAppTests;
			productReference = C7653CDC2AF1C01F007FF32D /* CandyReviewAppTests.xctest */;
			productType = "com.apple.product-type.bundle.unit-test";
		};
		C7653CE52AF1C01F007FF32D /* CandyReviewAppUITests */ = {
			isa = PBXNativeTarget;
			buildConfigurationList = C7653CF62AF1C01F007FF32D /* Build configuration list for PBXNativeTarget "CandyReviewAppUITests" */;
			buildPhases = (
				C7653CE22AF1C01F007FF32D /* Sources */,
				C7653CE32AF1C01F007FF32D /* Frameworks */,
				C7653CE42AF1C01F007FF32D /* Resources */,
			);
			buildRules = (
			);
			dependencies = (
				C7653CE82AF1C01F007FF32D /* PBXTargetDependency */,
			);
			name = CandyReviewAppUITests;
			productName = CandyReviewAppUITests;
			productReference = C7653CE62AF1C01F007FF32D /* CandyReviewAppUITests.xctest */;
			productType = "com.apple.product-type.bundle.ui-testing";
		};
/* End PBXNativeTarget section */

/* Begin PBXProject section */
		C7653CBE2AF1C01D007FF32D /* Project object */ = {
			isa = PBXProject;
			attributes = {
				BuildIndependentTargetsInParallel = 1;
				LastSwiftUpdateCheck = 1430;
				LastUpgradeCheck = 1430;
				TargetAttributes = {
					C7653CC52AF1C01D007FF32D = {
						CreatedOnToolsVersion = 14.3.1;
					};
					C7653CDB2AF1C01F007FF32D = {
						CreatedOnToolsVersion = 14.3.1;
						TestTargetID = C7653CC52AF1C01D007FF32D;
					};
					C7653CE52AF1C01F007FF32D = {
						CreatedOnToolsVersion = 14.3.1;
						TestTargetID = C7653CC52AF1C01D007FF32D;
					};
				};
			};
			buildConfigurationList = C7653CC12AF1C01D007FF32D /* Build configuration list for PBXProject "CandyReviewApp" */;
			compatibilityVersion = "Xcode 14.0";
			developmentRegion = en;
			hasScannedForEncodings = 0;
			knownRegions = (
				en,
				Base,
			);
			mainGroup = C7653CBD2AF1C01D007FF32D;
			productRefGroup = C7653CC72AF1C01D007FF32D /* Products */;
			projectDirPath = "";
			projectRoot = "";
			targets = (
				C7653CC52AF1C01D007FF32D /* CandyReviewApp */,
				C7653CDB2AF1C01F007FF32D /* CandyReviewAppTests */,
				C7653CE52AF1C01F007FF32D /* CandyReviewAppUITests */,
			);
		};
/* End PBXProject section */

/* Begin PBXResourcesBuildPhase section */
		C7653CC42AF1C01D007FF32D /* Resources */ = {
			isa = PBXResourcesBuildPhase;
			buildActionMask = 2147483647;
			files = (
				C7653CD62AF1C01F007FF32D /* LaunchScreen.storyboard in Resources */,
				C7653CD32AF1C01F007FF32D /* Assets.xcassets in Resources */,
				C740285A2AF45E5D0009FDFB /* Property List.plist in Resources */,
				C7653CD12AF1C01D007FF32D /* Main.storyboard in Resources */,
			);
			runOnlyForDeploymentPostprocessing = 0;
		};
		C7653CDA2AF1C01F007FF32D /* Resources */ = {
			isa = PBXResourcesBuildPhase;
			buildActionMask = 2147483647;
			files = (
			);
			runOnlyForDeploymentPostprocessing = 0;
		};
		C7653CE42AF1C01F007FF32D /* Resources */ = {
			isa = PBXResourcesBuildPhase;
			buildActionMask = 2147483647;
			files = (
			);
			runOnlyForDeploymentPostprocessing = 0;
		};
/* End PBXResourcesBuildPhase section */

/* Begin PBXSourcesBuildPhase section */
		C7653CC22AF1C01D007FF32D /* Sources */ = {
			isa = PBXSourcesBuildPhase;
			buildActionMask = 2147483647;
			files = (
				C7653D002AF1D222007FF32D /* ViewController05.swift in Sources */,
				C7653CCE2AF1C01D007FF32D /* ViewController.swift in Sources */,
				C7653CCA2AF1C01D007FF32D /* AppDelegate.swift in Sources */,
				C74028602AFAFC180009FDFB /* fourthDetailViewController.swift in Sources */,
				C740285C2AFAF72D0009FDFB /* thirdDetailViewController.swift in Sources */,
				C7653CFA2AF1D199007FF32D /* ViewController02.swift in Sources */,
				C7653CFC2AF1D1D4007FF32D /* ViewController03.swift in Sources */,
				C7653CFE2AF1D1FE007FF32D /* ViewController04.swift in Sources */,
				C74028582AF45D2B0009FDFB /* secondDetailViewController.swift in Sources */,
				C7653D022AF1D4DF007FF32D /* ViewController_featured.swift in Sources */,
				C7653CCC2AF1C01D007FF32D /* SceneDelegate.swift in Sources */,
			);
			runOnlyForDeploymentPostprocessing = 0;
		};
		C7653CD82AF1C01F007FF32D /* Sources */ = {
			isa = PBXSourcesBuildPhase;
			buildActionMask = 2147483647;
			files = (
				C7653CE12AF1C01F007FF32D /* CandyReviewAppTests.swift in Sources */,
			);
			runOnlyForDeploymentPostprocessing = 0;
		};
		C7653CE22AF1C01F007FF32D /* Sources */ = {
			isa = PBXSourcesBuildPhase;
			buildActionMask = 2147483647;
			files = (
				C7653CED2AF1C01F007FF32D /* CandyReviewAppUITestsLaunchTests.swift in Sources */,
				C7653CEB2AF1C01F007FF32D /* CandyReviewAppUITests.swift in Sources */,
			);
			runOnlyForDeploymentPostprocessing = 0;
		};
/* End PBXSourcesBuildPhase section */

/* Begin PBXTargetDependency section */
		C7653CDE2AF1C01F007FF32D /* PBXTargetDependency */ = {
			isa = PBXTargetDependency;
			target = C7653CC52AF1C01D007FF32D /* CandyReviewApp */;
			targetProxy = C7653CDD2AF1C01F007FF32D /* PBXContainerItemProxy */;
		};
		C7653CE82AF1C01F007FF32D /* PBXTargetDependency */ = {
			isa = PBXTargetDependency;
			target = C7653CC52AF1C01D007FF32D /* CandyReviewApp */;
			targetProxy = C7653CE72AF1C01F007FF32D /* PBXContainerItemProxy */;
		};
/* End PBXTargetDependency section */

/* Begin PBXVariantGroup section */
		C7653CCF2AF1C01D007FF32D /* Main.storyboard */ = {
			isa = PBXVariantGroup;
			children = (
				C7653CD02AF1C01D007FF32D /* Base */,
			);
			name = Main.storyboard;
			sourceTree = "<group>";
		};
		C7653CD42AF1C01F007FF32D /* LaunchScreen.storyboard */ = {
			isa = PBXVariantGroup;
			children = (
				C7653CD52AF1C01F007FF32D /* Base */,
			);
			name = LaunchScreen.storyboard;
			sourceTree = "<group>";
		};
/* End PBXVariantGroup section */

/* Begin XCBuildConfiguration section */
		C7653CEE2AF1C01F007FF32D /* Debug */ = {
			isa = XCBuildConfiguration;
			buildSettings = {
				ALWAYS_SEARCH_USER_PATHS = NO;
				CLANG_ANALYZER_NONNULL = YES;
				CLANG_ANALYZER_NUMBER_OBJECT_CONVERSION = YES_AGGRESSIVE;
				CLANG_CXX_LANGUAGE_STANDARD = "gnu++20";
				CLANG_ENABLE_MODULES = YES;
				CLANG_ENABLE_OBJC_ARC = YES;
				CLANG_ENABLE_OBJC_WEAK = YES;
				CLANG_WARN_BLOCK_CAPTURE_AUTORELEASING = YES;
				CLANG_WARN_BOOL_CONVERSION = YES;
				CLANG_WARN_COMMA = YES;
				CLANG_WARN_CONSTANT_CONVERSION = YES;
				CLANG_WARN_DEPRECATED_OBJC_IMPLEMENTATIONS = YES;
				CLANG_WARN_DIRECT_OBJC_ISA_USAGE = YES_ERROR;
				CLANG_WARN_DOCUMENTATION_COMMENTS = YES;
				CLANG_WARN_EMPTY_BODY = YES;
				CLANG_WARN_ENUM_CONVERSION = YES;
				CLANG_WARN_INFINITE_RECURSION = YES;
				CLANG_WARN_INT_CONVERSION = YES;
				CLANG_WARN_NON_LITERAL_NULL_CONVERSION = YES;
				CLANG_WARN_OBJC_IMPLICIT_RETAIN_SELF = YES;
				CLANG_WARN_OBJC_LITERAL_CONVERSION = YES;
				CLANG_WARN_OBJC_ROOT_CLASS = YES_ERROR;
				CLANG_WARN_QUOTED_INCLUDE_IN_FRAMEWORK_HEADER = YES;
				CLANG_WARN_RANGE_LOOP_ANALYSIS = YES;
				CLANG_WARN_STRICT_PROTOTYPES = YES;
				CLANG_WARN_SUSPICIOUS_MOVE = YES;
				CLANG_WARN_UNGUARDED_AVAILABILITY = YES_AGGRESSIVE;
				CLANG_WARN_UNREACHABLE_CODE = YES;
				CLANG_WARN__DUPLICATE_METHOD_MATCH = YES;
				COPY_PHASE_STRIP = NO;
				DEBUG_INFORMATION_FORMAT = dwarf;
				ENABLE_STRICT_OBJC_MSGSEND = YES;
				ENABLE_TESTABILITY = YES;
				GCC_C_LANGUAGE_STANDARD = gnu11;
				GCC_DYNAMIC_NO_PIC = NO;
				GCC_NO_COMMON_BLOCKS = YES;
				GCC_OPTIMIZATION_LEVEL = 0;
				GCC_PREPROCESSOR_DEFINITIONS = (
					"DEBUG=1",
					"$(inherited)",
				);
				GCC_WARN_64_TO_32_BIT_CONVERSION = YES;
				GCC_WARN_ABOUT_RETURN_TYPE = YES_ERROR;
				GCC_WARN_UNDECLARED_SELECTOR = YES;
				GCC_WARN_UNINITIALIZED_AUTOS = YES_AGGRESSIVE;
				GCC_WARN_UNUSED_FUNCTION = YES;
				GCC_WARN_UNUSED_VARIABLE = YES;
				IPHONEOS_DEPLOYMENT_TARGET = 16.4;
				MTL_ENABLE_DEBUG_INFO = INCLUDE_SOURCE;
				MTL_FAST_MATH = YES;
				ONLY_ACTIVE_ARCH = YES;
				SDKROOT = iphoneos;
				SWIFT_ACTIVE_COMPILATION_CONDITIONS = DEBUG;
				SWIFT_OPTIMIZATION_LEVEL = "-Onone";
			};
			name = Debug;
		};
		C7653CEF2AF1C01F007FF32D /* Release */ = {
			isa = XCBuildConfiguration;
			buildSettings = {
				ALWAYS_SEARCH_USER_PATHS = NO;
				CLANG_ANALYZER_NONNULL = YES;
				CLANG_ANALYZER_NUMBER_OBJECT_CONVERSION = YES_AGGRESSIVE;
				CLANG_CXX_LANGUAGE_STANDARD = "gnu++20";
				CLANG_ENABLE_MODULES = YES;
				CLANG_ENABLE_OBJC_ARC = YES;
				CLANG_ENABLE_OBJC_WEAK = YES;
				CLANG_WARN_BLOCK_CAPTURE_AUTORELEASING = YES;
				CLANG_WARN_BOOL_CONVERSION = YES;
				CLANG_WARN_COMMA = YES;
				CLANG_WARN_CONSTANT_CONVERSION = YES;
				CLANG_WARN_DEPRECATED_OBJC_IMPLEMENTATIONS = YES;
				CLANG_WARN_DIRECT_OBJC_ISA_USAGE = YES_ERROR;
				CLANG_WARN_DOCUMENTATION_COMMENTS = YES;
				CLANG_WARN_EMPTY_BODY = YES;
				CLANG_WARN_ENUM_CONVERSION = YES;
				CLANG_WARN_INFINITE_RECURSION = YES;
				CLANG_WARN_INT_CONVERSION = YES;
				CLANG_WARN_NON_LITERAL_NULL_CONVERSION = YES;
				CLANG_WARN_OBJC_IMPLICIT_RETAIN_SELF = YES;
				CLANG_WARN_OBJC_LITERAL_CONVERSION = YES;
				CLANG_WARN_OBJC_ROOT_CLASS = YES_ERROR;
				CLANG_WARN_QUOTED_INCLUDE_IN_FRAMEWORK_HEADER = YES;
				CLANG_WARN_RANGE_LOOP_ANALYSIS = YES;
				CLANG_WARN_STRICT_PROTOTYPES = YES;
				CLANG_WARN_SUSPICIOUS_MOVE = YES;
				CLANG_WARN_UNGUARDED_AVAILABILITY = YES_AGGRESSIVE;
				CLANG_WARN_UNREACHABLE_CODE = YES;
				CLANG_WARN__DUPLICATE_METHOD_MATCH = YES;
				COPY_PHASE_STRIP = NO;
				DEBUG_INFORMATION_FORMAT = "dwarf-with-dsym";
				ENABLE_NS_ASSERTIONS = NO;
				ENABLE_STRICT_OBJC_MSGSEND = YES;
				GCC_C_LANGUAGE_STANDARD = gnu11;
				GCC_NO_COMMON_BLOCKS = YES;
				GCC_WARN_64_TO_32_BIT_CONVERSION = YES;
				GCC_WARN_ABOUT_RETURN_TYPE = YES_ERROR;
				GCC_WARN_UNDECLARED_SELECTOR = YES;
				GCC_WARN_UNINITIALIZED_AUTOS = YES_AGGRESSIVE;
				GCC_WARN_UNUSED_FUNCTION = YES;
				GCC_WARN_UNUSED_VARIABLE = YES;
				IPHONEOS_DEPLOYMENT_TARGET = 16.4;
				MTL_ENABLE_DEBUG_INFO = NO;
				MTL_FAST_MATH = YES;
				SDKROOT = iphoneos;
				SWIFT_COMPILATION_MODE = wholemodule;
				SWIFT_OPTIMIZATION_LEVEL = "-O";
				VALIDATE_PRODUCT = YES;
			};
			name = Release;
		};
		C7653CF12AF1C01F007FF32D /* Debug */ = {
			isa = XCBuildConfiguration;
			buildSettings = {
				ASSETCATALOG_COMPILER_APPICON_NAME = AppIcon;
				ASSETCATALOG_COMPILER_GLOBAL_ACCENT_COLOR_NAME = AccentColor;
				CODE_SIGN_STYLE = Automatic;
				CURRENT_PROJECT_VERSION = 1;
				DEVELOPMENT_TEAM = 2PJ482CC2G;
				GENERATE_INFOPLIST_FILE = YES;
				INFOPLIST_FILE = CandyReviewApp/Info.plist;
				INFOPLIST_KEY_UIApplicationSupportsIndirectInputEvents = YES;
				INFOPLIST_KEY_UILaunchStoryboardName = LaunchScreen;
				INFOPLIST_KEY_UIMainStoryboardFile = Main;
				INFOPLIST_KEY_UISupportedInterfaceOrientations_iPad = "UIInterfaceOrientationPortrait UIInterfaceOrientationPortraitUpsideDown UIInterfaceOrientationLandscapeLeft UIInterfaceOrientationLandscapeRight";
				INFOPLIST_KEY_UISupportedInterfaceOrientations_iPhone = "UIInterfaceOrientationPortrait UIInterfaceOrientationLandscapeLeft UIInterfaceOrientationLandscapeRight";
				LD_RUNPATH_SEARCH_PATHS = (
					"$(inherited)",
					"@executable_path/Frameworks",
				);
				MARKETING_VERSION = 1.0;
				PRODUCT_BUNDLE_IDENTIFIER = UHWO.CandyReviewApp;
				PRODUCT_NAME = "$(TARGET_NAME)";
				SWIFT_EMIT_LOC_STRINGS = YES;
				SWIFT_VERSION = 5.0;
				TARGETED_DEVICE_FAMILY = "1,2";
			};
			name = Debug;
		};
		C7653CF22AF1C01F007FF32D /* Release */ = {
			isa = XCBuildConfiguration;
			buildSettings = {
				ASSETCATALOG_COMPILER_APPICON_NAME = AppIcon;
				ASSETCATALOG_COMPILER_GLOBAL_ACCENT_COLOR_NAME = AccentColor;
				CODE_SIGN_STYLE = Automatic;
				CURRENT_PROJECT_VERSION = 1;
				DEVELOPMENT_TEAM = 2PJ482CC2G;
				GENERATE_INFOPLIST_FILE = YES;
				INFOPLIST_FILE = CandyReviewApp/Info.plist;
				INFOPLIST_KEY_UIApplicationSupportsIndirectInputEvents = YES;
				INFOPLIST_KEY_UILaunchStoryboardName = LaunchScreen;
				INFOPLIST_KEY_UIMainStoryboardFile = Main;
				INFOPLIST_KEY_UISupportedInterfaceOrientations_iPad = "UIInterfaceOrientationPortrait UIInterfaceOrientationPortraitUpsideDown UIInterfaceOrientationLandscapeLeft UIInterfaceOrientationLandscapeRight";
				INFOPLIST_KEY_UISupportedInterfaceOrientations_iPhone = "UIInterfaceOrientationPortrait UIInterfaceOrientationLandscapeLeft UIInterfaceOrientationLandscapeRight";
				LD_RUNPATH_SEARCH_PATHS = (
					"$(inherited)",
					"@executable_path/Frameworks",
				);
				MARKETING_VERSION = 1.0;
				PRODUCT_BUNDLE_IDENTIFIER = UHWO.CandyReviewApp;
				PRODUCT_NAME = "$(TARGET_NAME)";
				SWIFT_EMIT_LOC_STRINGS = YES;
				SWIFT_VERSION = 5.0;
				TARGETED_DEVICE_FAMILY = "1,2";
			};
			name = Release;
		};
		C7653CF42AF1C01F007FF32D /* Debug */ = {
			isa = XCBuildConfiguration;
			buildSettings = {
				ALWAYS_EMBED_SWIFT_STANDARD_LIBRARIES = YES;
				BUNDLE_LOADER = "$(TEST_HOST)";
				CODE_SIGN_STYLE = Automatic;
				CURRENT_PROJECT_VERSION = 1;
				DEVELOPMENT_TEAM = 2PJ482CC2G;
				GENERATE_INFOPLIST_FILE = YES;
				IPHONEOS_DEPLOYMENT_TARGET = 16.4;
				MARKETING_VERSION = 1.0;
				PRODUCT_BUNDLE_IDENTIFIER = UHWO.CandyReviewAppTests;
				PRODUCT_NAME = "$(TARGET_NAME)";
				SWIFT_EMIT_LOC_STRINGS = NO;
				SWIFT_VERSION = 5.0;
				TARGETED_DEVICE_FAMILY = "1,2";
				TEST_HOST = "$(BUILT_PRODUCTS_DIR)/CandyReviewApp.app/$(BUNDLE_EXECUTABLE_FOLDER_PATH)/CandyReviewApp";
			};
			name = Debug;
		};
		C7653CF52AF1C01F007FF32D /* Release */ = {
			isa = XCBuildConfiguration;
			buildSettings = {
				ALWAYS_EMBED_SWIFT_STANDARD_LIBRARIES = YES;
				BUNDLE_LOADER = "$(TEST_HOST)";
				CODE_SIGN_STYLE = Automatic;
				CURRENT_PROJECT_VERSION = 1;
				DEVELOPMENT_TEAM = 2PJ482CC2G;
				GENERATE_INFOPLIST_FILE = YES;
				IPHONEOS_DEPLOYMENT_TARGET = 16.4;
				MARKETING_VERSION = 1.0;
				PRODUCT_BUNDLE_IDENTIFIER = UHWO.CandyReviewAppTests;
				PRODUCT_NAME = "$(TARGET_NAME)";
				SWIFT_EMIT_LOC_STRINGS = NO;
				SWIFT_VERSION = 5.0;
				TARGETED_DEVICE_FAMILY = "1,2";
				TEST_HOST = "$(BUILT_PRODUCTS_DIR)/CandyReviewApp.app/$(BUNDLE_EXECUTABLE_FOLDER_PATH)/CandyReviewApp";
			};
			name = Release;
		};
		C7653CF72AF1C01F007FF32D /* Debug */ = {
			isa = XCBuildConfiguration;
			buildSettings = {
				ALWAYS_EMBED_SWIFT_STANDARD_LIBRARIES = YES;
				CODE_SIGN_STYLE = Automatic;
				CURRENT_PROJECT_VERSION = 1;
				DEVELOPMENT_TEAM = 2PJ482CC2G;
				GENERATE_INFOPLIST_FILE = YES;
				MARKETING_VERSION = 1.0;
				PRODUCT_BUNDLE_IDENTIFIER = UHWO.CandyReviewAppUITests;
				PRODUCT_NAME = "$(TARGET_NAME)";
				SWIFT_EMIT_LOC_STRINGS = NO;
				SWIFT_VERSION = 5.0;
				TARGETED_DEVICE_FAMILY = "1,2";
				TEST_TARGET_NAME = CandyReviewApp;
			};
			name = Debug;
		};
		C7653CF82AF1C01F007FF32D /* Release */ = {
			isa = XCBuildConfiguration;
			buildSettings = {
				ALWAYS_EMBED_SWIFT_STANDARD_LIBRARIES = YES;
				CODE_SIGN_STYLE = Automatic;
				CURRENT_PROJECT_VERSION = 1;
				DEVELOPMENT_TEAM = 2PJ482CC2G;
				GENERATE_INFOPLIST_FILE = YES;
				MARKETING_VERSION = 1.0;
				PRODUCT_BUNDLE_IDENTIFIER = UHWO.CandyReviewAppUITests;
				PRODUCT_NAME = "$(TARGET_NAME)";
				SWIFT_EMIT_LOC_STRINGS = NO;
				SWIFT_VERSION = 5.0;
				TARGETED_DEVICE_FAMILY = "1,2";
				TEST_TARGET_NAME = CandyReviewApp;
			};
			name = Release;
		};
/* End XCBuildConfiguration section */

/* Begin XCConfigurationList section */
		C7653CC12AF1C01D007FF32D /* Build configuration list for PBXProject "CandyReviewApp" */ = {
			isa = XCConfigurationList;
			buildConfigurations = (
				C7653CEE2AF1C01F007FF32D /* Debug */,
				C7653CEF2AF1C01F007FF32D /* Release */,
			);
			defaultConfigurationIsVisible = 0;
			defaultConfigurationName = Release;
		};
		C7653CF02AF1C01F007FF32D /* Build configuration list for PBXNativeTarget "CandyReviewApp" */ = {
			isa = XCConfigurationList;
			buildConfigurations = (
				C7653CF12AF1C01F007FF32D /* Debug */,
				C7653CF22AF1C01F007FF32D /* Release */,
			);
			defaultConfigurationIsVisible = 0;
			defaultConfigurationName = Release;
		};
		C7653CF32AF1C01F007FF32D /* Build configuration list for PBXNativeTarget "CandyReviewAppTests" */ = {
			isa = XCConfigurationList;
			buildConfigurations = (
				C7653CF42AF1C01F007FF32D /* Debug */,
				C7653CF52AF1C01F007FF32D /* Release */,
			);
			defaultConfigurationIsVisible = 0;
			defaultConfigurationName = Release;
		};
		C7653CF62AF1C01F007FF32D /* Build configuration list for PBXNativeTarget "CandyReviewAppUITests" */ = {
			isa = XCConfigurationList;
			buildConfigurations = (
				C7653CF72AF1C01F007FF32D /* Debug */,
				C7653CF82AF1C01F007FF32D /* Release */,
			);
			defaultConfigurationIsVisible = 0;
			defaultConfigurationName = Release;
		};
/* End XCConfigurationList section */
	};
	rootObject = C7653CBE2AF1C01D007FF32D /* Project object */;
}
